
Microsoft Visual Studio Solution File, Format Version 12.00
# Visual Studio Version 17
VisualStudioVersion = 17.9.34728.123
MinimumVisualStudioVersion = 10.0.40219.1
Project("{FAE04EC0-301F-11D3-BF4B-00C04F79EFBC}") = "Assignment6.3", "Assignment6.3.csproj", "{8C7FEAF6-BD20-484F-80C2-013C6C67D306}"
EndProject
Global
	GlobalSection(SolutionConfigurationPlatforms) = preSolution
		Debug|Any CPU = Debug|Any CPU
		Release|Any CPU = Release|Any CPU
	EndGlobalSection
	GlobalSection(ProjectConfigurationPlatforms) = postSolution
		{8C7FEAF6-BD20-484F-80C2-013C6C67D306}.Debug|Any CPU.ActiveCfg = Debug|Any CPU
		{8C7FEAF6-BD20-484F-80C2-013C6C67D306}.Debug|Any CPU.Build.0 = Debug|Any CPU
		{8C7FEAF6-BD20-484F-80C2-013C6C67D306}.Release|Any CPU.ActiveCfg = Release|Any CPU
		{8C7FEAF6-BD20-484F-80C2-013C6C67D306}.Release|Any CPU.Build.0 = Release|Any CPU
	EndGlobalSection
	GlobalSection(SolutionProperties) = preSolution
		HideSolutionNode = FALSE
	EndGlobalSection
	GlobalSection(ExtensibilityGlobals) = postSolution
		SolutionGuid = {29723415-543A-4757-86A6-17D2647E3F93}
	EndGlobalSection
EndGlobal
